
Microsoft Visual Studio Solution File, Format Version 12.00
# Visual Studio 2013
VisualStudioVersion = 12.0.31101.0
MinimumVisualStudioVersion = 10.0.40219.1
Project("{FAE04EC0-301F-11D3-BF4B-00C04F79EFBC}") = "HelloWorld", "Lecture01\HelloWorld\HelloWorld.csproj", "{D099091E-37FF-468B-9B1C-CD29C25A0AE5}"
EndProject
Project("{2150E333-8FDC-42A3-9474-1A3956D46DE8}") = "Lecture 01", "Lecture 01", "{EAA91343-B7A4-49BE-AD99-D1AF4822A1A3}"
EndProject
Project("{FAE04EC0-301F-11D3-BF4B-00C04F79EFBC}") = "HelloXaml", "Lecture01\HelloXaml\HelloXaml.csproj", "{F81C6724-C82A-4599-A778-81905E48469F}"
EndProject
Project("{FAE04EC0-301F-11D3-BF4B-00C04F79EFBC}") = "DependencyProperties", "Lecture01\DependencyProperties\DependencyProperties.csproj", "{5286B030-4BBB-496D-955D-EEF18EA90AE0}"
EndProject
Project("{2150E333-8FDC-42A3-9474-1A3956D46DE8}") = "Lecture 02", "Lecture 02", "{FC278E4C-9C0A-4CF4-852F-107E8D0BE38B}"
EndProject
Project("{FAE04EC0-301F-11D3-BF4B-00C04F79EFBC}") = "RoutedEvents", "Lecture02\RoutedEvents\RoutedEvents.csproj", "{7B0D7BAD-AF77-45DC-AFFA-7B3F7EBD63CA}"
EndProject
Project("{FAE04EC0-301F-11D3-BF4B-00C04F79EFBC}") = "FocusDemo", "Lecture02\FocusDemo\FocusDemo.csproj", "{A2CB56A5-0BF2-4598-99CD-44F98F387450}"
EndProject
Project("{FAE04EC0-301F-11D3-BF4B-00C04F79EFBC}") = "RoutedCommands", "Lecture02\RoutedCommands\RoutedCommands.csproj", "{4BD84937-9FF9-4C4E-A6BE-DC5E206119F3}"
EndProject
Project("{FAE04EC0-301F-11D3-BF4B-00C04F79EFBC}") = "DataTemplates", "Lecture02\DataTemplates\DataTemplates.csproj", "{E09A4EE9-A372-4009-89E9-4A6BC1FD1725}"
EndProject
Project("{2150E333-8FDC-42A3-9474-1A3956D46DE8}") = "Common", "Common", "{7DA44E4E-4D73-4660-9E50-02D2B01CCA41}"
EndProject
Project("{FAE04EC0-301F-11D3-BF4B-00C04F79EFBC}") = "Common", "Common\Common\Common.csproj", "{9DB8459A-6082-4E15-B2ED-1BE24230871A}"
EndProject
Global
	GlobalSection(SolutionConfigurationPlatforms) = preSolution
		Debug|Any CPU = Debug|Any CPU
		Release|Any CPU = Release|Any CPU
	EndGlobalSection
	GlobalSection(ProjectConfigurationPlatforms) = postSolution
		{D099091E-37FF-468B-9B1C-CD29C25A0AE5}.Debug|Any CPU.ActiveCfg = Debug|Any CPU
		{D099091E-37FF-468B-9B1C-CD29C25A0AE5}.Debug|Any CPU.Build.0 = Debug|Any CPU
		{D099091E-37FF-468B-9B1C-CD29C25A0AE5}.Release|Any CPU.ActiveCfg = Release|Any CPU
		{D099091E-37FF-468B-9B1C-CD29C25A0AE5}.Release|Any CPU.Build.0 = Release|Any CPU
		{F81C6724-C82A-4599-A778-81905E48469F}.Debug|Any CPU.ActiveCfg = Debug|Any CPU
		{F81C6724-C82A-4599-A778-81905E48469F}.Debug|Any CPU.Build.0 = Debug|Any CPU
		{F81C6724-C82A-4599-A778-81905E48469F}.Release|Any CPU.ActiveCfg = Release|Any CPU
		{F81C6724-C82A-4599-A778-81905E48469F}.Release|Any CPU.Build.0 = Release|Any CPU
		{5286B030-4BBB-496D-955D-EEF18EA90AE0}.Debug|Any CPU.ActiveCfg = Debug|Any CPU
		{5286B030-4BBB-496D-955D-EEF18EA90AE0}.Debug|Any CPU.Build.0 = Debug|Any CPU
		{5286B030-4BBB-496D-955D-EEF18EA90AE0}.Release|Any CPU.ActiveCfg = Release|Any CPU
		{5286B030-4BBB-496D-955D-EEF18EA90AE0}.Release|Any CPU.Build.0 = Release|Any CPU
		{7B0D7BAD-AF77-45DC-AFFA-7B3F7EBD63CA}.Debug|Any CPU.ActiveCfg = Debug|Any CPU
		{7B0D7BAD-AF77-45DC-AFFA-7B3F7EBD63CA}.Debug|Any CPU.Build.0 = Debug|Any CPU
		{7B0D7BAD-AF77-45DC-AFFA-7B3F7EBD63CA}.Release|Any CPU.ActiveCfg = Release|Any CPU
		{7B0D7BAD-AF77-45DC-AFFA-7B3F7EBD63CA}.Release|Any CPU.Build.0 = Release|Any CPU
		{A2CB56A5-0BF2-4598-99CD-44F98F387450}.Debug|Any CPU.ActiveCfg = Debug|Any CPU
		{A2CB56A5-0BF2-4598-99CD-44F98F387450}.Debug|Any CPU.Build.0 = Debug|Any CPU
		{A2CB56A5-0BF2-4598-99CD-44F98F387450}.Release|Any CPU.ActiveCfg = Release|Any CPU
		{A2CB56A5-0BF2-4598-99CD-44F98F387450}.Release|Any CPU.Build.0 = Release|Any CPU
		{4BD84937-9FF9-4C4E-A6BE-DC5E206119F3}.Debug|Any CPU.ActiveCfg = Debug|Any CPU
		{4BD84937-9FF9-4C4E-A6BE-DC5E206119F3}.Debug|Any CPU.Build.0 = Debug|Any CPU
		{4BD84937-9FF9-4C4E-A6BE-DC5E206119F3}.Release|Any CPU.ActiveCfg = Release|Any CPU
		{4BD84937-9FF9-4C4E-A6BE-DC5E206119F3}.Release|Any CPU.Build.0 = Release|Any CPU
		{E09A4EE9-A372-4009-89E9-4A6BC1FD1725}.Debug|Any CPU.ActiveCfg = Debug|Any CPU
		{E09A4EE9-A372-4009-89E9-4A6BC1FD1725}.Debug|Any CPU.Build.0 = Debug|Any CPU
		{E09A4EE9-A372-4009-89E9-4A6BC1FD1725}.Release|Any CPU.ActiveCfg = Release|Any CPU
		{E09A4EE9-A372-4009-89E9-4A6BC1FD1725}.Release|Any CPU.Build.0 = Release|Any CPU
		{9DB8459A-6082-4E15-B2ED-1BE24230871A}.Debug|Any CPU.ActiveCfg = Debug|Any CPU
		{9DB8459A-6082-4E15-B2ED-1BE24230871A}.Debug|Any CPU.Build.0 = Debug|Any CPU
		{9DB8459A-6082-4E15-B2ED-1BE24230871A}.Release|Any CPU.ActiveCfg = Release|Any CPU
		{9DB8459A-6082-4E15-B2ED-1BE24230871A}.Release|Any CPU.Build.0 = Release|Any CPU
	EndGlobalSection
	GlobalSection(SolutionProperties) = preSolution
		HideSolutionNode = FALSE
	EndGlobalSection
	GlobalSection(NestedProjects) = preSolution
		{D099091E-37FF-468B-9B1C-CD29C25A0AE5} = {EAA91343-B7A4-49BE-AD99-D1AF4822A1A3}
		{F81C6724-C82A-4599-A778-81905E48469F} = {EAA91343-B7A4-49BE-AD99-D1AF4822A1A3}
		{5286B030-4BBB-496D-955D-EEF18EA90AE0} = {EAA91343-B7A4-49BE-AD99-D1AF4822A1A3}
		{7B0D7BAD-AF77-45DC-AFFA-7B3F7EBD63CA} = {FC278E4C-9C0A-4CF4-852F-107E8D0BE38B}
		{A2CB56A5-0BF2-4598-99CD-44F98F387450} = {FC278E4C-9C0A-4CF4-852F-107E8D0BE38B}
		{4BD84937-9FF9-4C4E-A6BE-DC5E206119F3} = {FC278E4C-9C0A-4CF4-852F-107E8D0BE38B}
		{E09A4EE9-A372-4009-89E9-4A6BC1FD1725} = {FC278E4C-9C0A-4CF4-852F-107E8D0BE38B}
		{9DB8459A-6082-4E15-B2ED-1BE24230871A} = {7DA44E4E-4D73-4660-9E50-02D2B01CCA41}
	EndGlobalSection
EndGlobal
