
Microsoft Visual Studio Solution File, Format Version 12.00
# Visual Studio 2013
VisualStudioVersion = 12.0.31101.0
MinimumVisualStudioVersion = 10.0.40219.1
Project("{FAE04EC0-301F-11D3-BF4B-00C04F79EFBC}") = "HelloWorld", "Lecture01\HelloWorld\HelloWorld.csproj", "{D099091E-37FF-468B-9B1C-CD29C25A0AE5}"
EndProject
Project("{2150E333-8FDC-42A3-9474-1A3956D46DE8}") = "Lecture 01", "Lecture 01", "{EAA91343-B7A4-49BE-AD99-D1AF4822A1A3}"
EndProject
Project("{FAE04EC0-301F-11D3-BF4B-00C04F79EFBC}") = "HelloXaml", "Lecture01\HelloXaml\HelloXaml.csproj", "{F81C6724-C82A-4599-A778-81905E48469F}"
EndProject
Project("{FAE04EC0-301F-11D3-BF4B-00C04F79EFBC}") = "DependencyProperties", "Lecture01\DependencyProperties\DependencyProperties.csproj", "{5286B030-4BBB-496D-955D-EEF18EA90AE0}"
EndProject
Project("{2150E333-8FDC-42A3-9474-1A3956D46DE8}") = "Lecture 02", "Lecture 02", "{FC278E4C-9C0A-4CF4-852F-107E8D0BE38B}"
EndProject
Project("{FAE04EC0-301F-11D3-BF4B-00C04F79EFBC}") = "RoutedEvents", "Lecture02\RoutedEvents\RoutedEvents.csproj", "{7B0D7BAD-AF77-45DC-AFFA-7B3F7EBD63CA}"
EndProject
Project("{FAE04EC0-301F-11D3-BF4B-00C04F79EFBC}") = "FocusDemo", "Lecture02\FocusDemo\FocusDemo.csproj", "{A2CB56A5-0BF2-4598-99CD-44F98F387450}"
EndProject
Project("{FAE04EC0-301F-11D3-BF4B-00C04F79EFBC}") = "RoutedCommands", "Lecture02\RoutedCommands\RoutedCommands.csproj", "{4BD84937-9FF9-4C4E-A6BE-DC5E206119F3}"
EndProject
Project("{FAE04EC0-301F-11D3-BF4B-00C04F79EFBC}") = "DataTemplates", "Lecture02\DataTemplates\DataTemplates.csproj", "{E09A4EE9-A372-4009-89E9-4A6BC1FD1725}"
EndProject
Project("{2150E333-8FDC-42A3-9474-1A3956D46DE8}") = "Common", "Common", "{7DA44E4E-4D73-4660-9E50-02D2B01CCA41}"
EndProject
Project("{FAE04EC0-301F-11D3-BF4B-00C04F79EFBC}") = "Common", "Common\Common\Common.csproj", "{9DB8459A-6082-4E15-B2ED-1BE24230871A}"
EndProject
Project("{2150E333-8FDC-42A3-9474-1A3956D46DE8}") = "Lecture 05", "Lecture 05", "{71FC7BC3-5955-4708-941D-31167FD1F426}"
EndProject
Project("{FAE04EC0-301F-11D3-BF4B-00C04F79EFBC}") = "ThemeDetector", "Lecture05\ThemeDetector\ThemeDetector.csproj", "{585677FC-A946-4AED-B777-4B38B0B6FC94}"
EndProject
Project("{2150E333-8FDC-42A3-9474-1A3956D46DE8}") = "Lecture 04", "Lecture 04", "{D616D4CD-A1C5-4FCF-8EAA-5C906C006C5B}"
EndProject
Project("{FAE04EC0-301F-11D3-BF4B-00C04F79EFBC}") = "CustomMarkupExtensions", "Lecture04\CustomMarkupExtensions\CustomMarkupExtensions.csproj", "{AD1228E8-8D56-45AF-A919-84E88E912038}"
EndProject
Project("{2150E333-8FDC-42A3-9474-1A3956D46DE8}") = ".nuget", ".nuget", "{B0D13AF8-3B28-4966-8E50-5B08AC821CCA}"
	ProjectSection(SolutionItems) = preProject
		.nuget\NuGet.Config = .nuget\NuGet.Config
		.nuget\NuGet.exe = .nuget\NuGet.exe
		.nuget\NuGet.targets = .nuget\NuGet.targets
	EndProjectSection
EndProject
Project("{FAE04EC0-301F-11D3-BF4B-00C04F79EFBC}") = "Containers", "Lecture01\Containers\Containers.csproj", "{1AD6C1A0-6613-4CED-BE33-76E5FFBFFF28}"
EndProject
Project("{2150E333-8FDC-42A3-9474-1A3956D46DE8}") = "Lecture 03", "Lecture 03", "{0C3AF0E7-7904-47D2-975B-C9DA9929C407}"
EndProject
Project("{FAE04EC0-301F-11D3-BF4B-00C04F79EFBC}") = "BindingSources", "Lecture03\BindingSources\BindingSources.csproj", "{8483A3CF-AB23-4BA0-8B3F-E2B15054C0ED}"
EndProject
Project("{FAE04EC0-301F-11D3-BF4B-00C04F79EFBC}") = "ChangeNotifications", "Lecture03\ChangeNotifications\ChangeNotifications.csproj", "{6A2BB229-5746-4919-A1E6-736AA4866690}"
EndProject
Project("{FAE04EC0-301F-11D3-BF4B-00C04F79EFBC}") = "UpdateSourceTriggers", "Lecture03\UpdateSourceTriggers\UpdateSourceTriggers.csproj", "{17383FA8-0C11-4985-83C2-4482EB463DBA}"
EndProject
Project("{FAE04EC0-301F-11D3-BF4B-00C04F79EFBC}") = "MultiBindings", "Lecture03\MultiBindings\MultiBindings.csproj", "{D1E05259-C795-4FC9-9FA5-B3589D62612C}"
EndProject
Project("{FAE04EC0-301F-11D3-BF4B-00C04F79EFBC}") = "CollectionViews", "Lecture03\CollectionViews\CollectionViews.csproj", "{C0628066-5155-468F-B3CD-7888F71D1D69}"
EndProject
Project("{FAE04EC0-301F-11D3-BF4B-00C04F79EFBC}") = "Validation", "Lecture03\Validation\Validation.csproj", "{9442FE28-FB91-4F56-9BB8-875A4A5B3AA7}"
EndProject
Project("{FAE04EC0-301F-11D3-BF4B-00C04F79EFBC}") = "Trees", "Lecture01\Trees\Trees.csproj", "{D09F05B5-BCE7-4031-BAA9-D7B08389C301}"
EndProject
Project("{FAE04EC0-301F-11D3-BF4B-00C04F79EFBC}") = "ResxResources", "Lecture04\ResxResources\ResxResources.csproj", "{050267A1-ECB3-48AC-8BAD-E330E75F87DB}"
EndProject
Project("{FAE04EC0-301F-11D3-BF4B-00C04F79EFBC}") = "StaticVsDynamicResources", "Lecture04\StaticVsDynamicResources\StaticVsDynamicResources.csproj", "{CC40E5B0-EFB5-45D2-86C1-0A37D90CB19F}"
EndProject
Project("{FAE04EC0-301F-11D3-BF4B-00C04F79EFBC}") = "ImplicitDataTemplates", "Lecture04\ImplicitDataTemplates\ImplicitDataTemplates.csproj", "{4EBFCF94-3F6F-4A1B-9B3A-80CC71A71400}"
EndProject
Project("{FAE04EC0-301F-11D3-BF4B-00C04F79EFBC}") = "MergedDictionaries", "Lecture04\MergedDictionaries\MergedDictionaries.csproj", "{CE3960B7-FC81-4248-B895-C4A231468771}"
EndProject
Project("{FAE04EC0-301F-11D3-BF4B-00C04F79EFBC}") = "ComponentResourceKeys", "Lecture04\ComponentResourceKeys\ComponentResourceKeys.csproj", "{CA0E2A3A-D59C-4DA2-B918-38DE1370BACC}"
EndProject
Project("{FAE04EC0-301F-11D3-BF4B-00C04F79EFBC}") = "DataFiles", "Lecture04\DataFiles\DataFiles.csproj", "{8348680F-03D6-4F6F-B77A-CF68BC9DBBEA}"
EndProject
Project("{FAE04EC0-301F-11D3-BF4B-00C04F79EFBC}") = "RemoveInputBinding", "Lecture02\RemoveInputBinding\RemoveInputBinding.csproj", "{C9F74A2D-E3F5-44CF-B927-5EFEB4521C68}"
EndProject
Project("{FAE04EC0-301F-11D3-BF4B-00C04F79EFBC}") = "ContentControls", "Lecture02\ContentControls\ContentControls.csproj", "{E726D068-65C7-402B-9876-210408469ABF}"
EndProject
Project("{FAE04EC0-301F-11D3-BF4B-00C04F79EFBC}") = "ButtonTemplateWithTriggers", "Lecture05\ButtonTemplateWithTriggers\ButtonTemplateWithTriggers.csproj", "{FFE9F414-9692-40CA-AB1E-6160B71E6390}"
EndProject
Project("{FAE04EC0-301F-11D3-BF4B-00C04F79EFBC}") = "ButtonTemplateWithVsm", "Lecture05\ButtonTemplateWithVsm\ButtonTemplateWithVsm.csproj", "{1532D106-A70F-4E41-AD3B-D5651120D9F5}"
EndProject
Project("{FAE04EC0-301F-11D3-BF4B-00C04F79EFBC}") = "SimpleStyles", "Lecture05\SimpleStyles\SimpleStyles.csproj", "{7BF849B1-8CF5-48C6-BFCC-7126A803DDD8}"
EndProject
Project("{FAE04EC0-301F-11D3-BF4B-00C04F79EFBC}") = "DefaultStyles", "Lecture05\DefaultStyles\DefaultStyles.csproj", "{F83753F0-22E4-4F6B-9D8E-45585A8103AA}"
EndProject
Project("{FAE04EC0-301F-11D3-BF4B-00C04F79EFBC}") = "Animation", "Lecture05\Animation\Animation.csproj", "{52FFEB7A-8789-4A71-A7C8-E018DBDF0CDA}"
EndProject
Project("{2150E333-8FDC-42A3-9474-1A3956D46DE8}") = "Lecture 06", "Lecture 06", "{0EDB4478-A9C5-426F-A4EA-84662A572A8A}"
EndProject
Project("{FAE04EC0-301F-11D3-BF4B-00C04F79EFBC}") = "DemoControls", "Lecture06\DemoControls\DemoControls.csproj", "{474E1793-F5F8-424C-8F6D-563D89374EBD}"
EndProject
Project("{FAE04EC0-301F-11D3-BF4B-00C04F79EFBC}") = "DemoControlsApp", "Lecture06\DemoControlsApp\DemoControlsApp.csproj", "{984594F2-D108-4D89-9ABB-EE62A31B7B8A}"
EndProject
Project("{FAE04EC0-301F-11D3-BF4B-00C04F79EFBC}") = "DemoControls.Design", "Lecture06\DemoControls.Design\DemoControls.Design.csproj", "{EBFBA45E-7D9F-4699-B393-2B0C492F4301}"
EndProject
Project("{2150E333-8FDC-42A3-9474-1A3956D46DE8}") = "Lecture 07", "Lecture 07", "{A72705F4-7C77-48E4-90CB-A04D6140EAC5}"
EndProject
Project("{FAE04EC0-301F-11D3-BF4B-00C04F79EFBC}") = "AttachedBehaviors", "Lecture07\AttachedBehaviors\AttachedBehaviors.csproj", "{C5917F6C-F2F2-41BF-A8CF-ACEE8AE55ED1}"
EndProject
Project("{FAE04EC0-301F-11D3-BF4B-00C04F79EFBC}") = "BlendBehaviors", "Lecture07\BlendBehaviors\BlendBehaviors.csproj", "{BFC8E34E-9B7E-4EFE-AA1C-BCBD9C18495C}"
EndProject
Global
	GlobalSection(SolutionConfigurationPlatforms) = preSolution
		Debug|Any CPU = Debug|Any CPU
		Release|Any CPU = Release|Any CPU
	EndGlobalSection
	GlobalSection(ProjectConfigurationPlatforms) = postSolution
		{D099091E-37FF-468B-9B1C-CD29C25A0AE5}.Debug|Any CPU.ActiveCfg = Debug|Any CPU
		{D099091E-37FF-468B-9B1C-CD29C25A0AE5}.Debug|Any CPU.Build.0 = Debug|Any CPU
		{D099091E-37FF-468B-9B1C-CD29C25A0AE5}.Release|Any CPU.ActiveCfg = Release|Any CPU
		{D099091E-37FF-468B-9B1C-CD29C25A0AE5}.Release|Any CPU.Build.0 = Release|Any CPU
		{F81C6724-C82A-4599-A778-81905E48469F}.Debug|Any CPU.ActiveCfg = Debug|Any CPU
		{F81C6724-C82A-4599-A778-81905E48469F}.Debug|Any CPU.Build.0 = Debug|Any CPU
		{F81C6724-C82A-4599-A778-81905E48469F}.Release|Any CPU.ActiveCfg = Release|Any CPU
		{F81C6724-C82A-4599-A778-81905E48469F}.Release|Any CPU.Build.0 = Release|Any CPU
		{5286B030-4BBB-496D-955D-EEF18EA90AE0}.Debug|Any CPU.ActiveCfg = Debug|Any CPU
		{5286B030-4BBB-496D-955D-EEF18EA90AE0}.Debug|Any CPU.Build.0 = Debug|Any CPU
		{5286B030-4BBB-496D-955D-EEF18EA90AE0}.Release|Any CPU.ActiveCfg = Release|Any CPU
		{5286B030-4BBB-496D-955D-EEF18EA90AE0}.Release|Any CPU.Build.0 = Release|Any CPU
		{7B0D7BAD-AF77-45DC-AFFA-7B3F7EBD63CA}.Debug|Any CPU.ActiveCfg = Debug|Any CPU
		{7B0D7BAD-AF77-45DC-AFFA-7B3F7EBD63CA}.Debug|Any CPU.Build.0 = Debug|Any CPU
		{7B0D7BAD-AF77-45DC-AFFA-7B3F7EBD63CA}.Release|Any CPU.ActiveCfg = Release|Any CPU
		{7B0D7BAD-AF77-45DC-AFFA-7B3F7EBD63CA}.Release|Any CPU.Build.0 = Release|Any CPU
		{A2CB56A5-0BF2-4598-99CD-44F98F387450}.Debug|Any CPU.ActiveCfg = Debug|Any CPU
		{A2CB56A5-0BF2-4598-99CD-44F98F387450}.Debug|Any CPU.Build.0 = Debug|Any CPU
		{A2CB56A5-0BF2-4598-99CD-44F98F387450}.Release|Any CPU.ActiveCfg = Release|Any CPU
		{A2CB56A5-0BF2-4598-99CD-44F98F387450}.Release|Any CPU.Build.0 = Release|Any CPU
		{4BD84937-9FF9-4C4E-A6BE-DC5E206119F3}.Debug|Any CPU.ActiveCfg = Debug|Any CPU
		{4BD84937-9FF9-4C4E-A6BE-DC5E206119F3}.Debug|Any CPU.Build.0 = Debug|Any CPU
		{4BD84937-9FF9-4C4E-A6BE-DC5E206119F3}.Release|Any CPU.ActiveCfg = Release|Any CPU
		{4BD84937-9FF9-4C4E-A6BE-DC5E206119F3}.Release|Any CPU.Build.0 = Release|Any CPU
		{E09A4EE9-A372-4009-89E9-4A6BC1FD1725}.Debug|Any CPU.ActiveCfg = Debug|Any CPU
		{E09A4EE9-A372-4009-89E9-4A6BC1FD1725}.Debug|Any CPU.Build.0 = Debug|Any CPU
		{E09A4EE9-A372-4009-89E9-4A6BC1FD1725}.Release|Any CPU.ActiveCfg = Release|Any CPU
		{E09A4EE9-A372-4009-89E9-4A6BC1FD1725}.Release|Any CPU.Build.0 = Release|Any CPU
		{9DB8459A-6082-4E15-B2ED-1BE24230871A}.Debug|Any CPU.ActiveCfg = Debug|Any CPU
		{9DB8459A-6082-4E15-B2ED-1BE24230871A}.Debug|Any CPU.Build.0 = Debug|Any CPU
		{9DB8459A-6082-4E15-B2ED-1BE24230871A}.Release|Any CPU.ActiveCfg = Release|Any CPU
		{9DB8459A-6082-4E15-B2ED-1BE24230871A}.Release|Any CPU.Build.0 = Release|Any CPU
		{585677FC-A946-4AED-B777-4B38B0B6FC94}.Debug|Any CPU.ActiveCfg = Debug|Any CPU
		{585677FC-A946-4AED-B777-4B38B0B6FC94}.Debug|Any CPU.Build.0 = Debug|Any CPU
		{585677FC-A946-4AED-B777-4B38B0B6FC94}.Release|Any CPU.ActiveCfg = Release|Any CPU
		{585677FC-A946-4AED-B777-4B38B0B6FC94}.Release|Any CPU.Build.0 = Release|Any CPU
		{AD1228E8-8D56-45AF-A919-84E88E912038}.Debug|Any CPU.ActiveCfg = Debug|Any CPU
		{AD1228E8-8D56-45AF-A919-84E88E912038}.Debug|Any CPU.Build.0 = Debug|Any CPU
		{AD1228E8-8D56-45AF-A919-84E88E912038}.Release|Any CPU.ActiveCfg = Release|Any CPU
		{AD1228E8-8D56-45AF-A919-84E88E912038}.Release|Any CPU.Build.0 = Release|Any CPU
		{1AD6C1A0-6613-4CED-BE33-76E5FFBFFF28}.Debug|Any CPU.ActiveCfg = Debug|Any CPU
		{1AD6C1A0-6613-4CED-BE33-76E5FFBFFF28}.Debug|Any CPU.Build.0 = Debug|Any CPU
		{1AD6C1A0-6613-4CED-BE33-76E5FFBFFF28}.Release|Any CPU.ActiveCfg = Release|Any CPU
		{1AD6C1A0-6613-4CED-BE33-76E5FFBFFF28}.Release|Any CPU.Build.0 = Release|Any CPU
		{8483A3CF-AB23-4BA0-8B3F-E2B15054C0ED}.Debug|Any CPU.ActiveCfg = Debug|Any CPU
		{8483A3CF-AB23-4BA0-8B3F-E2B15054C0ED}.Debug|Any CPU.Build.0 = Debug|Any CPU
		{8483A3CF-AB23-4BA0-8B3F-E2B15054C0ED}.Release|Any CPU.ActiveCfg = Release|Any CPU
		{8483A3CF-AB23-4BA0-8B3F-E2B15054C0ED}.Release|Any CPU.Build.0 = Release|Any CPU
		{6A2BB229-5746-4919-A1E6-736AA4866690}.Debug|Any CPU.ActiveCfg = Debug|Any CPU
		{6A2BB229-5746-4919-A1E6-736AA4866690}.Debug|Any CPU.Build.0 = Debug|Any CPU
		{6A2BB229-5746-4919-A1E6-736AA4866690}.Release|Any CPU.ActiveCfg = Release|Any CPU
		{6A2BB229-5746-4919-A1E6-736AA4866690}.Release|Any CPU.Build.0 = Release|Any CPU
		{17383FA8-0C11-4985-83C2-4482EB463DBA}.Debug|Any CPU.ActiveCfg = Debug|Any CPU
		{17383FA8-0C11-4985-83C2-4482EB463DBA}.Debug|Any CPU.Build.0 = Debug|Any CPU
		{17383FA8-0C11-4985-83C2-4482EB463DBA}.Release|Any CPU.ActiveCfg = Release|Any CPU
		{17383FA8-0C11-4985-83C2-4482EB463DBA}.Release|Any CPU.Build.0 = Release|Any CPU
		{D1E05259-C795-4FC9-9FA5-B3589D62612C}.Debug|Any CPU.ActiveCfg = Debug|Any CPU
		{D1E05259-C795-4FC9-9FA5-B3589D62612C}.Debug|Any CPU.Build.0 = Debug|Any CPU
		{D1E05259-C795-4FC9-9FA5-B3589D62612C}.Release|Any CPU.ActiveCfg = Release|Any CPU
		{D1E05259-C795-4FC9-9FA5-B3589D62612C}.Release|Any CPU.Build.0 = Release|Any CPU
		{C0628066-5155-468F-B3CD-7888F71D1D69}.Debug|Any CPU.ActiveCfg = Debug|Any CPU
		{C0628066-5155-468F-B3CD-7888F71D1D69}.Debug|Any CPU.Build.0 = Debug|Any CPU
		{C0628066-5155-468F-B3CD-7888F71D1D69}.Release|Any CPU.ActiveCfg = Release|Any CPU
		{C0628066-5155-468F-B3CD-7888F71D1D69}.Release|Any CPU.Build.0 = Release|Any CPU
		{9442FE28-FB91-4F56-9BB8-875A4A5B3AA7}.Debug|Any CPU.ActiveCfg = Debug|Any CPU
		{9442FE28-FB91-4F56-9BB8-875A4A5B3AA7}.Debug|Any CPU.Build.0 = Debug|Any CPU
		{9442FE28-FB91-4F56-9BB8-875A4A5B3AA7}.Release|Any CPU.ActiveCfg = Release|Any CPU
		{9442FE28-FB91-4F56-9BB8-875A4A5B3AA7}.Release|Any CPU.Build.0 = Release|Any CPU
		{D09F05B5-BCE7-4031-BAA9-D7B08389C301}.Debug|Any CPU.ActiveCfg = Debug|Any CPU
		{D09F05B5-BCE7-4031-BAA9-D7B08389C301}.Debug|Any CPU.Build.0 = Debug|Any CPU
		{D09F05B5-BCE7-4031-BAA9-D7B08389C301}.Release|Any CPU.ActiveCfg = Release|Any CPU
		{D09F05B5-BCE7-4031-BAA9-D7B08389C301}.Release|Any CPU.Build.0 = Release|Any CPU
		{050267A1-ECB3-48AC-8BAD-E330E75F87DB}.Debug|Any CPU.ActiveCfg = Debug|Any CPU
		{050267A1-ECB3-48AC-8BAD-E330E75F87DB}.Debug|Any CPU.Build.0 = Debug|Any CPU
		{050267A1-ECB3-48AC-8BAD-E330E75F87DB}.Release|Any CPU.ActiveCfg = Release|Any CPU
		{050267A1-ECB3-48AC-8BAD-E330E75F87DB}.Release|Any CPU.Build.0 = Release|Any CPU
		{CC40E5B0-EFB5-45D2-86C1-0A37D90CB19F}.Debug|Any CPU.ActiveCfg = Debug|Any CPU
		{CC40E5B0-EFB5-45D2-86C1-0A37D90CB19F}.Debug|Any CPU.Build.0 = Debug|Any CPU
		{CC40E5B0-EFB5-45D2-86C1-0A37D90CB19F}.Release|Any CPU.ActiveCfg = Release|Any CPU
		{CC40E5B0-EFB5-45D2-86C1-0A37D90CB19F}.Release|Any CPU.Build.0 = Release|Any CPU
		{4EBFCF94-3F6F-4A1B-9B3A-80CC71A71400}.Debug|Any CPU.ActiveCfg = Debug|Any CPU
		{4EBFCF94-3F6F-4A1B-9B3A-80CC71A71400}.Debug|Any CPU.Build.0 = Debug|Any CPU
		{4EBFCF94-3F6F-4A1B-9B3A-80CC71A71400}.Release|Any CPU.ActiveCfg = Release|Any CPU
		{4EBFCF94-3F6F-4A1B-9B3A-80CC71A71400}.Release|Any CPU.Build.0 = Release|Any CPU
		{CE3960B7-FC81-4248-B895-C4A231468771}.Debug|Any CPU.ActiveCfg = Debug|Any CPU
		{CE3960B7-FC81-4248-B895-C4A231468771}.Debug|Any CPU.Build.0 = Debug|Any CPU
		{CE3960B7-FC81-4248-B895-C4A231468771}.Release|Any CPU.ActiveCfg = Release|Any CPU
		{CE3960B7-FC81-4248-B895-C4A231468771}.Release|Any CPU.Build.0 = Release|Any CPU
		{CA0E2A3A-D59C-4DA2-B918-38DE1370BACC}.Debug|Any CPU.ActiveCfg = Debug|Any CPU
		{CA0E2A3A-D59C-4DA2-B918-38DE1370BACC}.Debug|Any CPU.Build.0 = Debug|Any CPU
		{CA0E2A3A-D59C-4DA2-B918-38DE1370BACC}.Release|Any CPU.ActiveCfg = Release|Any CPU
		{CA0E2A3A-D59C-4DA2-B918-38DE1370BACC}.Release|Any CPU.Build.0 = Release|Any CPU
		{8348680F-03D6-4F6F-B77A-CF68BC9DBBEA}.Debug|Any CPU.ActiveCfg = Debug|Any CPU
		{8348680F-03D6-4F6F-B77A-CF68BC9DBBEA}.Debug|Any CPU.Build.0 = Debug|Any CPU
		{8348680F-03D6-4F6F-B77A-CF68BC9DBBEA}.Release|Any CPU.ActiveCfg = Release|Any CPU
		{8348680F-03D6-4F6F-B77A-CF68BC9DBBEA}.Release|Any CPU.Build.0 = Release|Any CPU
		{C9F74A2D-E3F5-44CF-B927-5EFEB4521C68}.Debug|Any CPU.ActiveCfg = Debug|Any CPU
		{C9F74A2D-E3F5-44CF-B927-5EFEB4521C68}.Debug|Any CPU.Build.0 = Debug|Any CPU
		{C9F74A2D-E3F5-44CF-B927-5EFEB4521C68}.Release|Any CPU.ActiveCfg = Release|Any CPU
		{C9F74A2D-E3F5-44CF-B927-5EFEB4521C68}.Release|Any CPU.Build.0 = Release|Any CPU
		{E726D068-65C7-402B-9876-210408469ABF}.Debug|Any CPU.ActiveCfg = Debug|Any CPU
		{E726D068-65C7-402B-9876-210408469ABF}.Debug|Any CPU.Build.0 = Debug|Any CPU
		{E726D068-65C7-402B-9876-210408469ABF}.Release|Any CPU.ActiveCfg = Release|Any CPU
		{E726D068-65C7-402B-9876-210408469ABF}.Release|Any CPU.Build.0 = Release|Any CPU
		{FFE9F414-9692-40CA-AB1E-6160B71E6390}.Debug|Any CPU.ActiveCfg = Debug|Any CPU
		{FFE9F414-9692-40CA-AB1E-6160B71E6390}.Debug|Any CPU.Build.0 = Debug|Any CPU
		{FFE9F414-9692-40CA-AB1E-6160B71E6390}.Release|Any CPU.ActiveCfg = Release|Any CPU
		{FFE9F414-9692-40CA-AB1E-6160B71E6390}.Release|Any CPU.Build.0 = Release|Any CPU
		{1532D106-A70F-4E41-AD3B-D5651120D9F5}.Debug|Any CPU.ActiveCfg = Debug|Any CPU
		{1532D106-A70F-4E41-AD3B-D5651120D9F5}.Debug|Any CPU.Build.0 = Debug|Any CPU
		{1532D106-A70F-4E41-AD3B-D5651120D9F5}.Release|Any CPU.ActiveCfg = Release|Any CPU
		{1532D106-A70F-4E41-AD3B-D5651120D9F5}.Release|Any CPU.Build.0 = Release|Any CPU
		{7BF849B1-8CF5-48C6-BFCC-7126A803DDD8}.Debug|Any CPU.ActiveCfg = Debug|Any CPU
		{7BF849B1-8CF5-48C6-BFCC-7126A803DDD8}.Debug|Any CPU.Build.0 = Debug|Any CPU
		{7BF849B1-8CF5-48C6-BFCC-7126A803DDD8}.Release|Any CPU.ActiveCfg = Release|Any CPU
		{7BF849B1-8CF5-48C6-BFCC-7126A803DDD8}.Release|Any CPU.Build.0 = Release|Any CPU
		{F83753F0-22E4-4F6B-9D8E-45585A8103AA}.Debug|Any CPU.ActiveCfg = Debug|Any CPU
		{F83753F0-22E4-4F6B-9D8E-45585A8103AA}.Debug|Any CPU.Build.0 = Debug|Any CPU
		{F83753F0-22E4-4F6B-9D8E-45585A8103AA}.Release|Any CPU.ActiveCfg = Release|Any CPU
		{F83753F0-22E4-4F6B-9D8E-45585A8103AA}.Release|Any CPU.Build.0 = Release|Any CPU
		{52FFEB7A-8789-4A71-A7C8-E018DBDF0CDA}.Debug|Any CPU.ActiveCfg = Debug|Any CPU
		{52FFEB7A-8789-4A71-A7C8-E018DBDF0CDA}.Debug|Any CPU.Build.0 = Debug|Any CPU
		{52FFEB7A-8789-4A71-A7C8-E018DBDF0CDA}.Release|Any CPU.ActiveCfg = Release|Any CPU
		{52FFEB7A-8789-4A71-A7C8-E018DBDF0CDA}.Release|Any CPU.Build.0 = Release|Any CPU
		{474E1793-F5F8-424C-8F6D-563D89374EBD}.Debug|Any CPU.ActiveCfg = Debug|Any CPU
		{474E1793-F5F8-424C-8F6D-563D89374EBD}.Debug|Any CPU.Build.0 = Debug|Any CPU
		{474E1793-F5F8-424C-8F6D-563D89374EBD}.Release|Any CPU.ActiveCfg = Release|Any CPU
		{474E1793-F5F8-424C-8F6D-563D89374EBD}.Release|Any CPU.Build.0 = Release|Any CPU
		{984594F2-D108-4D89-9ABB-EE62A31B7B8A}.Debug|Any CPU.ActiveCfg = Debug|Any CPU
		{984594F2-D108-4D89-9ABB-EE62A31B7B8A}.Debug|Any CPU.Build.0 = Debug|Any CPU
		{984594F2-D108-4D89-9ABB-EE62A31B7B8A}.Release|Any CPU.ActiveCfg = Release|Any CPU
		{984594F2-D108-4D89-9ABB-EE62A31B7B8A}.Release|Any CPU.Build.0 = Release|Any CPU
		{EBFBA45E-7D9F-4699-B393-2B0C492F4301}.Debug|Any CPU.ActiveCfg = Debug|Any CPU
		{EBFBA45E-7D9F-4699-B393-2B0C492F4301}.Debug|Any CPU.Build.0 = Debug|Any CPU
		{EBFBA45E-7D9F-4699-B393-2B0C492F4301}.Release|Any CPU.ActiveCfg = Release|Any CPU
		{EBFBA45E-7D9F-4699-B393-2B0C492F4301}.Release|Any CPU.Build.0 = Release|Any CPU
		{C5917F6C-F2F2-41BF-A8CF-ACEE8AE55ED1}.Debug|Any CPU.ActiveCfg = Debug|Any CPU
		{C5917F6C-F2F2-41BF-A8CF-ACEE8AE55ED1}.Debug|Any CPU.Build.0 = Debug|Any CPU
		{C5917F6C-F2F2-41BF-A8CF-ACEE8AE55ED1}.Release|Any CPU.ActiveCfg = Release|Any CPU
		{C5917F6C-F2F2-41BF-A8CF-ACEE8AE55ED1}.Release|Any CPU.Build.0 = Release|Any CPU
		{BFC8E34E-9B7E-4EFE-AA1C-BCBD9C18495C}.Debug|Any CPU.ActiveCfg = Debug|Any CPU
		{BFC8E34E-9B7E-4EFE-AA1C-BCBD9C18495C}.Debug|Any CPU.Build.0 = Debug|Any CPU
		{BFC8E34E-9B7E-4EFE-AA1C-BCBD9C18495C}.Release|Any CPU.ActiveCfg = Release|Any CPU
		{BFC8E34E-9B7E-4EFE-AA1C-BCBD9C18495C}.Release|Any CPU.Build.0 = Release|Any CPU
	EndGlobalSection
	GlobalSection(SolutionProperties) = preSolution
		HideSolutionNode = FALSE
	EndGlobalSection
	GlobalSection(NestedProjects) = preSolution
		{D099091E-37FF-468B-9B1C-CD29C25A0AE5} = {EAA91343-B7A4-49BE-AD99-D1AF4822A1A3}
		{F81C6724-C82A-4599-A778-81905E48469F} = {EAA91343-B7A4-49BE-AD99-D1AF4822A1A3}
		{5286B030-4BBB-496D-955D-EEF18EA90AE0} = {EAA91343-B7A4-49BE-AD99-D1AF4822A1A3}
		{7B0D7BAD-AF77-45DC-AFFA-7B3F7EBD63CA} = {FC278E4C-9C0A-4CF4-852F-107E8D0BE38B}
		{A2CB56A5-0BF2-4598-99CD-44F98F387450} = {FC278E4C-9C0A-4CF4-852F-107E8D0BE38B}
		{4BD84937-9FF9-4C4E-A6BE-DC5E206119F3} = {FC278E4C-9C0A-4CF4-852F-107E8D0BE38B}
		{E09A4EE9-A372-4009-89E9-4A6BC1FD1725} = {FC278E4C-9C0A-4CF4-852F-107E8D0BE38B}
		{9DB8459A-6082-4E15-B2ED-1BE24230871A} = {7DA44E4E-4D73-4660-9E50-02D2B01CCA41}
		{585677FC-A946-4AED-B777-4B38B0B6FC94} = {71FC7BC3-5955-4708-941D-31167FD1F426}
		{AD1228E8-8D56-45AF-A919-84E88E912038} = {D616D4CD-A1C5-4FCF-8EAA-5C906C006C5B}
		{1AD6C1A0-6613-4CED-BE33-76E5FFBFFF28} = {EAA91343-B7A4-49BE-AD99-D1AF4822A1A3}
		{8483A3CF-AB23-4BA0-8B3F-E2B15054C0ED} = {0C3AF0E7-7904-47D2-975B-C9DA9929C407}
		{6A2BB229-5746-4919-A1E6-736AA4866690} = {0C3AF0E7-7904-47D2-975B-C9DA9929C407}
		{17383FA8-0C11-4985-83C2-4482EB463DBA} = {0C3AF0E7-7904-47D2-975B-C9DA9929C407}
		{D1E05259-C795-4FC9-9FA5-B3589D62612C} = {0C3AF0E7-7904-47D2-975B-C9DA9929C407}
		{C0628066-5155-468F-B3CD-7888F71D1D69} = {0C3AF0E7-7904-47D2-975B-C9DA9929C407}
		{9442FE28-FB91-4F56-9BB8-875A4A5B3AA7} = {0C3AF0E7-7904-47D2-975B-C9DA9929C407}
		{D09F05B5-BCE7-4031-BAA9-D7B08389C301} = {EAA91343-B7A4-49BE-AD99-D1AF4822A1A3}
		{050267A1-ECB3-48AC-8BAD-E330E75F87DB} = {D616D4CD-A1C5-4FCF-8EAA-5C906C006C5B}
		{CC40E5B0-EFB5-45D2-86C1-0A37D90CB19F} = {D616D4CD-A1C5-4FCF-8EAA-5C906C006C5B}
		{4EBFCF94-3F6F-4A1B-9B3A-80CC71A71400} = {D616D4CD-A1C5-4FCF-8EAA-5C906C006C5B}
		{CE3960B7-FC81-4248-B895-C4A231468771} = {D616D4CD-A1C5-4FCF-8EAA-5C906C006C5B}
		{CA0E2A3A-D59C-4DA2-B918-38DE1370BACC} = {D616D4CD-A1C5-4FCF-8EAA-5C906C006C5B}
		{8348680F-03D6-4F6F-B77A-CF68BC9DBBEA} = {D616D4CD-A1C5-4FCF-8EAA-5C906C006C5B}
		{C9F74A2D-E3F5-44CF-B927-5EFEB4521C68} = {FC278E4C-9C0A-4CF4-852F-107E8D0BE38B}
		{E726D068-65C7-402B-9876-210408469ABF} = {FC278E4C-9C0A-4CF4-852F-107E8D0BE38B}
		{FFE9F414-9692-40CA-AB1E-6160B71E6390} = {71FC7BC3-5955-4708-941D-31167FD1F426}
		{1532D106-A70F-4E41-AD3B-D5651120D9F5} = {71FC7BC3-5955-4708-941D-31167FD1F426}
		{7BF849B1-8CF5-48C6-BFCC-7126A803DDD8} = {71FC7BC3-5955-4708-941D-31167FD1F426}
		{F83753F0-22E4-4F6B-9D8E-45585A8103AA} = {71FC7BC3-5955-4708-941D-31167FD1F426}
		{52FFEB7A-8789-4A71-A7C8-E018DBDF0CDA} = {71FC7BC3-5955-4708-941D-31167FD1F426}
		{474E1793-F5F8-424C-8F6D-563D89374EBD} = {0EDB4478-A9C5-426F-A4EA-84662A572A8A}
		{984594F2-D108-4D89-9ABB-EE62A31B7B8A} = {0EDB4478-A9C5-426F-A4EA-84662A572A8A}
		{EBFBA45E-7D9F-4699-B393-2B0C492F4301} = {0EDB4478-A9C5-426F-A4EA-84662A572A8A}
		{C5917F6C-F2F2-41BF-A8CF-ACEE8AE55ED1} = {A72705F4-7C77-48E4-90CB-A04D6140EAC5}
		{BFC8E34E-9B7E-4EFE-AA1C-BCBD9C18495C} = {A72705F4-7C77-48E4-90CB-A04D6140EAC5}
	EndGlobalSection
EndGlobal
